// !$*UTF8*$!
{
	archiveVersion = 1;
	classes = {
	};
	objectVersion = 56;
	objects = {

/* Begin PBXBuildFile section */
		769A56D02BE2223300513E8E /* myAdvanceUIApp.swift in Sources */ = {isa = PBXBuildFile; fileRef = 769A56CF2BE2223300513E8E /* myAdvanceUIApp.swift */; };
		769A56D22BE2223300513E8E /* ContentView.swift in Sources */ = {isa = PBXBuildFile; fileRef = 769A56D12BE2223300513E8E /* ContentView.swift */; };
		769A56D42BE2223500513E8E /* Assets.xcassets in Resources */ = {isa = PBXBuildFile; fileRef = 769A56D32BE2223500513E8E /* Assets.xcassets */; };
		769A56D72BE2223500513E8E /* Preview Assets.xcassets in Resources */ = {isa = PBXBuildFile; fileRef = 769A56D62BE2223500513E8E /* Preview Assets.xcassets */; };
		769A56DF2BE229D600513E8E /* usingGroupBox.swift in Sources */ = {isa = PBXBuildFile; fileRef = 769A56DE2BE229D600513E8E /* usingGroupBox.swift */; };
		9B049F852BE4AD2000C64A43 /* usingProgressView3.swift in Sources */ = {isa = PBXBuildFile; fileRef = 9B049F842BE4AD2000C64A43 /* usingProgressView3.swift */; };
		9B049F882BE4B26600C64A43 /* usingViewBuilder1.swift in Sources */ = {isa = PBXBuildFile; fileRef = 9B049F872BE4B26600C64A43 /* usingViewBuilder1.swift */; };
		9B049F8B2BE4C6A400C64A43 /* ViewBuilders.swift in Sources */ = {isa = PBXBuildFile; fileRef = 9B049F8A2BE4C6A400C64A43 /* ViewBuilders.swift */; };
		9B049F8E2BE4CA7400C64A43 /* usingComposableViews.swift in Sources */ = {isa = PBXBuildFile; fileRef = 9B049F8D2BE4CA7400C64A43 /* usingComposableViews.swift */; };
		9B049F912BE50FED00C64A43 /* VBBasics.swift in Sources */ = {isa = PBXBuildFile; fileRef = 9B049F902BE50FED00C64A43 /* VBBasics.swift */; };
		9B049F932BE5180300C64A43 /* VBContainerViews.swift in Sources */ = {isa = PBXBuildFile; fileRef = 9B049F922BE5180300C64A43 /* VBContainerViews.swift */; };
		9B049F952BE51F2F00C64A43 /* VBHUD.swift in Sources */ = {isa = PBXBuildFile; fileRef = 9B049F942BE51F2F00C64A43 /* VBHUD.swift */; };
		9B91FF4B2BE5C481005ABBDD /* LayOut1.swift in Sources */ = {isa = PBXBuildFile; fileRef = 9B91FF4A2BE5C481005ABBDD /* LayOut1.swift */; };
		9B91FF4D2BE5CEC2005ABBDD /* LayOut2.swift in Sources */ = {isa = PBXBuildFile; fileRef = 9B91FF4C2BE5CEC2005ABBDD /* LayOut2.swift */; };
		9B91FF4F2BE60F93005ABBDD /* LayOut4.swift in Sources */ = {isa = PBXBuildFile; fileRef = 9B91FF4E2BE60F93005ABBDD /* LayOut4.swift */; };
		9B91FF512BE612CD005ABBDD /* LayOut5.swift in Sources */ = {isa = PBXBuildFile; fileRef = 9B91FF502BE612CD005ABBDD /* LayOut5.swift */; };
		9BB024E72BE90F4700DAFA07 /* Animate1.swift in Sources */ = {isa = PBXBuildFile; fileRef = 9BB024E62BE90F4700DAFA07 /* Animate1.swift */; };
		9BE3E8BE2BE3717200E68B64 /* usingProgressView.swift in Sources */ = {isa = PBXBuildFile; fileRef = 9BE3E8BD2BE3717200E68B64 /* usingProgressView.swift */; };
		9BE3E8C02BE3C1B100E68B64 /* usingProgressView2.swift in Sources */ = {isa = PBXBuildFile; fileRef = 9BE3E8BF2BE3C1B100E68B64 /* usingProgressView2.swift */; };
/* End PBXBuildFile section */

/* Begin PBXFileReference section */
		769A56CC2BE2223300513E8E /* myAdvanceUI.app */ = {isa = PBXFileReference; explicitFileType = wrapper.application; includeInIndex = 0; path = myAdvanceUI.app; sourceTree = BUILT_PRODUCTS_DIR; };
		769A56CF2BE2223300513E8E /* myAdvanceUIApp.swift */ = {isa = PBXFileReference; lastKnownFileType = sourcecode.swift; path = myAdvanceUIApp.swift; sourceTree = "<group>"; };
		769A56D12BE2223300513E8E /* ContentView.swift */ = {isa = PBXFileReference; lastKnownFileType = sourcecode.swift; path = ContentView.swift; sourceTree = "<group>"; };
		769A56D32BE2223500513E8E /* Assets.xcassets */ = {isa = PBXFileReference; lastKnownFileType = folder.assetcatalog; path = Assets.xcassets; sourceTree = "<group>"; };
		769A56D62BE2223500513E8E /* Preview Assets.xcassets */ = {isa = PBXFileReference; lastKnownFileType = folder.assetcatalog; path = "Preview Assets.xcassets"; sourceTree = "<group>"; };
		769A56DE2BE229D600513E8E /* usingGroupBox.swift */ = {isa = PBXFileReference; lastKnownFileType = sourcecode.swift; path = usingGroupBox.swift; sourceTree = "<group>"; };
		9B049F842BE4AD2000C64A43 /* usingProgressView3.swift */ = {isa = PBXFileReference; lastKnownFileType = sourcecode.swift; path = usingProgressView3.swift; sourceTree = "<group>"; };
		9B049F872BE4B26600C64A43 /* usingViewBuilder1.swift */ = {isa = PBXFileReference; lastKnownFileType = sourcecode.swift; path = usingViewBuilder1.swift; sourceTree = "<group>"; };
		9B049F8A2BE4C6A400C64A43 /* ViewBuilders.swift */ = {isa = PBXFileReference; lastKnownFileType = sourcecode.swift; path = ViewBuilders.swift; sourceTree = "<group>"; };
		9B049F8D2BE4CA7400C64A43 /* usingComposableViews.swift */ = {isa = PBXFileReference; lastKnownFileType = sourcecode.swift; path = usingComposableViews.swift; sourceTree = "<group>"; };
		9B049F902BE50FED00C64A43 /* VBBasics.swift */ = {isa = PBXFileReference; lastKnownFileType = sourcecode.swift; path = VBBasics.swift; sourceTree = "<group>"; };
		9B049F922BE5180300C64A43 /* VBContainerViews.swift */ = {isa = PBXFileReference; lastKnownFileType = sourcecode.swift; path = VBContainerViews.swift; sourceTree = "<group>"; };
		9B049F942BE51F2F00C64A43 /* VBHUD.swift */ = {isa = PBXFileReference; lastKnownFileType = sourcecode.swift; path = VBHUD.swift; sourceTree = "<group>"; };
		9B91FF4A2BE5C481005ABBDD /* LayOut1.swift */ = {isa = PBXFileReference; lastKnownFileType = sourcecode.swift; path = LayOut1.swift; sourceTree = "<group>"; };
		9B91FF4C2BE5CEC2005ABBDD /* LayOut2.swift */ = {isa = PBXFileReference; lastKnownFileType = sourcecode.swift; path = LayOut2.swift; sourceTree = "<group>"; };
		9B91FF4E2BE60F93005ABBDD /* LayOut4.swift */ = {isa = PBXFileReference; lastKnownFileType = sourcecode.swift; path = LayOut4.swift; sourceTree = "<group>"; };
		9B91FF502BE612CD005ABBDD /* LayOut5.swift */ = {isa = PBXFileReference; lastKnownFileType = sourcecode.swift; path = LayOut5.swift; sourceTree = "<group>"; };
		9BB024E62BE90F4700DAFA07 /* Animate1.swift */ = {isa = PBXFileReference; lastKnownFileType = sourcecode.swift; path = Animate1.swift; sourceTree = "<group>"; };
		9BE3E8BD2BE3717200E68B64 /* usingProgressView.swift */ = {isa = PBXFileReference; lastKnownFileType = sourcecode.swift; path = usingProgressView.swift; sourceTree = "<group>"; };
		9BE3E8BF2BE3C1B100E68B64 /* usingProgressView2.swift */ = {isa = PBXFileReference; lastKnownFileType = sourcecode.swift; path = usingProgressView2.swift; sourceTree = "<group>"; };
/* End PBXFileReference section */

/* Begin PBXFrameworksBuildPhase section */
		769A56C92BE2223300513E8E /* Frameworks */ = {
			isa = PBXFrameworksBuildPhase;
			buildActionMask = 2147483647;
			files = (
			);
			runOnlyForDeploymentPostprocessing = 0;
		};
/* End PBXFrameworksBuildPhase section */

/* Begin PBXGroup section */
		769A56C32BE2223300513E8E = {
			isa = PBXGroup;
			children = (
				769A56CE2BE2223300513E8E /* myAdvanceUI */,
				769A56CD2BE2223300513E8E /* Products */,
			);
			sourceTree = "<group>";
		};
		769A56CD2BE2223300513E8E /* Products */ = {
			isa = PBXGroup;
			children = (
				769A56CC2BE2223300513E8E /* myAdvanceUI.app */,
			);
			name = Products;
			sourceTree = "<group>";
		};
		769A56CE2BE2223300513E8E /* myAdvanceUI */ = {
			isa = PBXGroup;
			children = (
				769A56CF2BE2223300513E8E /* myAdvanceUIApp.swift */,
				769A56D12BE2223300513E8E /* ContentView.swift */,
				9B91FF492BE5C449005ABBDD /* PaulHudson */,
				9B049F8F2BE50F9600C64A43 /* StewardLynch */,
				9B049F8C2BE4CA2E00C64A43 /* azamsharp */,
				9B049F862BE4B22C00C64A43 /* SwiftfulThinking */,
				769A56DD2BE229AE00513E8E /* UI */,
				769A56D32BE2223500513E8E /* Assets.xcassets */,
				769A56D52BE2223500513E8E /* Preview Content */,
			);
			path = myAdvanceUI;
			sourceTree = "<group>";
		};
		769A56D52BE2223500513E8E /* Preview Content */ = {
			isa = PBXGroup;
			children = (
				769A56D62BE2223500513E8E /* Preview Assets.xcassets */,
			);
			path = "Preview Content";
			sourceTree = "<group>";
		};
		769A56DD2BE229AE00513E8E /* UI */ = {
			isa = PBXGroup;
			children = (
				769A56DE2BE229D600513E8E /* usingGroupBox.swift */,
				9BE3E8BD2BE3717200E68B64 /* usingProgressView.swift */,
				9BE3E8BF2BE3C1B100E68B64 /* usingProgressView2.swift */,
				9B049F842BE4AD2000C64A43 /* usingProgressView3.swift */,
				9B049F892BE4C65000C64A43 /* Library */,
			);
			path = UI;
			sourceTree = "<group>";
		};
		9B049F862BE4B22C00C64A43 /* SwiftfulThinking */ = {
			isa = PBXGroup;
			children = (
				9B049F872BE4B26600C64A43 /* usingViewBuilder1.swift */,
			);
			path = SwiftfulThinking;
			sourceTree = "<group>";
		};
		9B049F892BE4C65000C64A43 /* Library */ = {
			isa = PBXGroup;
			children = (
				9B049F8A2BE4C6A400C64A43 /* ViewBuilders.swift */,
			);
			path = Library;
			sourceTree = "<group>";
		};
		9B049F8C2BE4CA2E00C64A43 /* azamsharp */ = {
			isa = PBXGroup;
			children = (
				9B049F8D2BE4CA7400C64A43 /* usingComposableViews.swift */,
			);
			path = azamsharp;
			sourceTree = "<group>";
		};
		9B049F8F2BE50F9600C64A43 /* StewardLynch */ = {
			isa = PBXGroup;
			children = (
				9B049F902BE50FED00C64A43 /* VBBasics.swift */,
				9B049F922BE5180300C64A43 /* VBContainerViews.swift */,
				9B049F942BE51F2F00C64A43 /* VBHUD.swift */,
			);
			path = StewardLynch;
			sourceTree = "<group>";
		};
		9B91FF492BE5C449005ABBDD /* PaulHudson */ = {
			isa = PBXGroup;
			children = (
				9BB024E52BE90F2100DAFA07 /* Animation */,
				9BB024E42BE90EF500DAFA07 /* LayOut */,
			);
			path = PaulHudson;
			sourceTree = "<group>";
		};
		9BB024E42BE90EF500DAFA07 /* LayOut */ = {
			isa = PBXGroup;
			children = (
				9B91FF4A2BE5C481005ABBDD /* LayOut1.swift */,
				9B91FF4C2BE5CEC2005ABBDD /* LayOut2.swift */,
				9B91FF4E2BE60F93005ABBDD /* LayOut4.swift */,
				9B91FF502BE612CD005ABBDD /* LayOut5.swift */,
			);
			path = LayOut;
			sourceTree = "<group>";
		};
		9BB024E52BE90F2100DAFA07 /* Animation */ = {
			isa = PBXGroup;
			children = (
				9BB024E62BE90F4700DAFA07 /* Animate1.swift */,
			);
			path = Animation;
			sourceTree = "<group>";
		};
/* End PBXGroup section */

/* Begin PBXNativeTarget section */
		769A56CB2BE2223300513E8E /* myAdvanceUI */ = {
			isa = PBXNativeTarget;
			buildConfigurationList = 769A56DA2BE2223500513E8E /* Build configuration list for PBXNativeTarget "myAdvanceUI" */;
			buildPhases = (
				769A56C82BE2223300513E8E /* Sources */,
				769A56C92BE2223300513E8E /* Frameworks */,
				769A56CA2BE2223300513E8E /* Resources */,
			);
			buildRules = (
			);
			dependencies = (
			);
			name = myAdvanceUI;
			productName = myAdvanceUI;
			productReference = 769A56CC2BE2223300513E8E /* myAdvanceUI.app */;
			productType = "com.apple.product-type.application";
		};
/* End PBXNativeTarget section */

/* Begin PBXProject section */
		769A56C42BE2223300513E8E /* Project object */ = {
			isa = PBXProject;
			attributes = {
				BuildIndependentTargetsInParallel = 1;
				LastSwiftUpdateCheck = 1530;
				LastUpgradeCheck = 1530;
				TargetAttributes = {
					769A56CB2BE2223300513E8E = {
						CreatedOnToolsVersion = 15.3;
					};
				};
			};
			buildConfigurationList = 769A56C72BE2223300513E8E /* Build configuration list for PBXProject "myAdvanceUI" */;
			compatibilityVersion = "Xcode 14.0";
			developmentRegion = en;
			hasScannedForEncodings = 0;
			knownRegions = (
				en,
				Base,
			);
			mainGroup = 769A56C32BE2223300513E8E;
			productRefGroup = 769A56CD2BE2223300513E8E /* Products */;
			projectDirPath = "";
			projectRoot = "";
			targets = (
				769A56CB2BE2223300513E8E /* myAdvanceUI */,
			);
		};
/* End PBXProject section */

/* Begin PBXResourcesBuildPhase section */
		769A56CA2BE2223300513E8E /* Resources */ = {
			isa = PBXResourcesBuildPhase;
			buildActionMask = 2147483647;
			files = (
				769A56D72BE2223500513E8E /* Preview Assets.xcassets in Resources */,
				769A56D42BE2223500513E8E /* Assets.xcassets in Resources */,
			);
			runOnlyForDeploymentPostprocessing = 0;
		};
/* End PBXResourcesBuildPhase section */

/* Begin PBXSourcesBuildPhase section */
		769A56C82BE2223300513E8E /* Sources */ = {
			isa = PBXSourcesBuildPhase;
			buildActionMask = 2147483647;
			files = (
				9B049F8E2BE4CA7400C64A43 /* usingComposableViews.swift in Sources */,
				9BE3E8BE2BE3717200E68B64 /* usingProgressView.swift in Sources */,
				769A56D22BE2223300513E8E /* ContentView.swift in Sources */,
				9B049F932BE5180300C64A43 /* VBContainerViews.swift in Sources */,
				9B049F8B2BE4C6A400C64A43 /* ViewBuilders.swift in Sources */,
				9BE3E8C02BE3C1B100E68B64 /* usingProgressView2.swift in Sources */,
				9BB024E72BE90F4700DAFA07 /* Animate1.swift in Sources */,
				9B91FF4F2BE60F93005ABBDD /* LayOut4.swift in Sources */,
				769A56D02BE2223300513E8E /* myAdvanceUIApp.swift in Sources */,
				9B049F952BE51F2F00C64A43 /* VBHUD.swift in Sources */,
				9B91FF4D2BE5CEC2005ABBDD /* LayOut2.swift in Sources */,
				9B049F912BE50FED00C64A43 /* VBBasics.swift in Sources */,
				9B91FF512BE612CD005ABBDD /* LayOut5.swift in Sources */,
				9B049F852BE4AD2000C64A43 /* usingProgressView3.swift in Sources */,
				9B049F882BE4B26600C64A43 /* usingViewBuilder1.swift in Sources */,
				9B91FF4B2BE5C481005ABBDD /* LayOut1.swift in Sources */,
				769A56DF2BE229D600513E8E /* usingGroupBox.swift in Sources */,
			);
			runOnlyForDeploymentPostprocessing = 0;
		};
/* End PBXSourcesBuildPhase section */

/* Begin XCBuildConfiguration section */
		769A56D82BE2223500513E8E /* Debug */ = {
			isa = XCBuildConfiguration;
			buildSettings = {
				ALWAYS_SEARCH_USER_PATHS = NO;
				ASSETCATALOG_COMPILER_GENERATE_SWIFT_ASSET_SYMBOL_EXTENSIONS = YES;
				CLANG_ANALYZER_NONNULL = YES;
				CLANG_ANALYZER_NUMBER_OBJECT_CONVERSION = YES_AGGRESSIVE;
				CLANG_CXX_LANGUAGE_STANDARD = "gnu++20";
				CLANG_ENABLE_MODULES = YES;
				CLANG_ENABLE_OBJC_ARC = YES;
				CLANG_ENABLE_OBJC_WEAK = YES;
				CLANG_WARN_BLOCK_CAPTURE_AUTORELEASING = YES;
				CLANG_WARN_BOOL_CONVERSION = YES;
				CLANG_WARN_COMMA = YES;
				CLANG_WARN_CONSTANT_CONVERSION = YES;
				CLANG_WARN_DEPRECATED_OBJC_IMPLEMENTATIONS = YES;
				CLANG_WARN_DIRECT_OBJC_ISA_USAGE = YES_ERROR;
				CLANG_WARN_DOCUMENTATION_COMMENTS = YES;
				CLANG_WARN_EMPTY_BODY = YES;
				CLANG_WARN_ENUM_CONVERSION = YES;
				CLANG_WARN_INFINITE_RECURSION = YES;
				CLANG_WARN_INT_CONVERSION = YES;
				CLANG_WARN_NON_LITERAL_NULL_CONVERSION = YES;
				CLANG_WARN_OBJC_IMPLICIT_RETAIN_SELF = YES;
				CLANG_WARN_OBJC_LITERAL_CONVERSION = YES;
				CLANG_WARN_OBJC_ROOT_CLASS = YES_ERROR;
				CLANG_WARN_QUOTED_INCLUDE_IN_FRAMEWORK_HEADER = YES;
				CLANG_WARN_RANGE_LOOP_ANALYSIS = YES;
				CLANG_WARN_STRICT_PROTOTYPES = YES;
				CLANG_WARN_SUSPICIOUS_MOVE = YES;
				CLANG_WARN_UNGUARDED_AVAILABILITY = YES_AGGRESSIVE;
				CLANG_WARN_UNREACHABLE_CODE = YES;
				CLANG_WARN__DUPLICATE_METHOD_MATCH = YES;
				COPY_PHASE_STRIP = NO;
				DEBUG_INFORMATION_FORMAT = dwarf;
				ENABLE_STRICT_OBJC_MSGSEND = YES;
				ENABLE_TESTABILITY = YES;
				ENABLE_USER_SCRIPT_SANDBOXING = YES;
				GCC_C_LANGUAGE_STANDARD = gnu17;
				GCC_DYNAMIC_NO_PIC = NO;
				GCC_NO_COMMON_BLOCKS = YES;
				GCC_OPTIMIZATION_LEVEL = 0;
				GCC_PREPROCESSOR_DEFINITIONS = (
					"DEBUG=1",
					"$(inherited)",
				);
				GCC_WARN_64_TO_32_BIT_CONVERSION = YES;
				GCC_WARN_ABOUT_RETURN_TYPE = YES_ERROR;
				GCC_WARN_UNDECLARED_SELECTOR = YES;
				GCC_WARN_UNINITIALIZED_AUTOS = YES_AGGRESSIVE;
				GCC_WARN_UNUSED_FUNCTION = YES;
				GCC_WARN_UNUSED_VARIABLE = YES;
				IPHONEOS_DEPLOYMENT_TARGET = 17.4;
				LOCALIZATION_PREFERS_STRING_CATALOGS = YES;
				MTL_ENABLE_DEBUG_INFO = INCLUDE_SOURCE;
				MTL_FAST_MATH = YES;
				ONLY_ACTIVE_ARCH = YES;
				SDKROOT = iphoneos;
				SWIFT_ACTIVE_COMPILATION_CONDITIONS = "DEBUG $(inherited)";
				SWIFT_OPTIMIZATION_LEVEL = "-Onone";
			};
			name = Debug;
		};
		769A56D92BE2223500513E8E /* Release */ = {
			isa = XCBuildConfiguration;
			buildSettings = {
				ALWAYS_SEARCH_USER_PATHS = NO;
				ASSETCATALOG_COMPILER_GENERATE_SWIFT_ASSET_SYMBOL_EXTENSIONS = YES;
				CLANG_ANALYZER_NONNULL = YES;
				CLANG_ANALYZER_NUMBER_OBJECT_CONVERSION = YES_AGGRESSIVE;
				CLANG_CXX_LANGUAGE_STANDARD = "gnu++20";
				CLANG_ENABLE_MODULES = YES;
				CLANG_ENABLE_OBJC_ARC = YES;
				CLANG_ENABLE_OBJC_WEAK = YES;
				CLANG_WARN_BLOCK_CAPTURE_AUTORELEASING = YES;
				CLANG_WARN_BOOL_CONVERSION = YES;
				CLANG_WARN_COMMA = YES;
				CLANG_WARN_CONSTANT_CONVERSION = YES;
				CLANG_WARN_DEPRECATED_OBJC_IMPLEMENTATIONS = YES;
				CLANG_WARN_DIRECT_OBJC_ISA_USAGE = YES_ERROR;
				CLANG_WARN_DOCUMENTATION_COMMENTS = YES;
				CLANG_WARN_EMPTY_BODY = YES;
				CLANG_WARN_ENUM_CONVERSION = YES;
				CLANG_WARN_INFINITE_RECURSION = YES;
				CLANG_WARN_INT_CONVERSION = YES;
				CLANG_WARN_NON_LITERAL_NULL_CONVERSION = YES;
				CLANG_WARN_OBJC_IMPLICIT_RETAIN_SELF = YES;
				CLANG_WARN_OBJC_LITERAL_CONVERSION = YES;
				CLANG_WARN_OBJC_ROOT_CLASS = YES_ERROR;
				CLANG_WARN_QUOTED_INCLUDE_IN_FRAMEWORK_HEADER = YES;
				CLANG_WARN_RANGE_LOOP_ANALYSIS = YES;
				CLANG_WARN_STRICT_PROTOTYPES = YES;
				CLANG_WARN_SUSPICIOUS_MOVE = YES;
				CLANG_WARN_UNGUARDED_AVAILABILITY = YES_AGGRESSIVE;
				CLANG_WARN_UNREACHABLE_CODE = YES;
				CLANG_WARN__DUPLICATE_METHOD_MATCH = YES;
				COPY_PHASE_STRIP = NO;
				DEBUG_INFORMATION_FORMAT = "dwarf-with-dsym";
				ENABLE_NS_ASSERTIONS = NO;
				ENABLE_STRICT_OBJC_MSGSEND = YES;
				ENABLE_USER_SCRIPT_SANDBOXING = YES;
				GCC_C_LANGUAGE_STANDARD = gnu17;
				GCC_NO_COMMON_BLOCKS = YES;
				GCC_WARN_64_TO_32_BIT_CONVERSION = YES;
				GCC_WARN_ABOUT_RETURN_TYPE = YES_ERROR;
				GCC_WARN_UNDECLARED_SELECTOR = YES;
				GCC_WARN_UNINITIALIZED_AUTOS = YES_AGGRESSIVE;
				GCC_WARN_UNUSED_FUNCTION = YES;
				GCC_WARN_UNUSED_VARIABLE = YES;
				IPHONEOS_DEPLOYMENT_TARGET = 17.4;
				LOCALIZATION_PREFERS_STRING_CATALOGS = YES;
				MTL_ENABLE_DEBUG_INFO = NO;
				MTL_FAST_MATH = YES;
				SDKROOT = iphoneos;
				SWIFT_COMPILATION_MODE = wholemodule;
				VALIDATE_PRODUCT = YES;
			};
			name = Release;
		};
		769A56DB2BE2223500513E8E /* Debug */ = {
			isa = XCBuildConfiguration;
			buildSettings = {
				ASSETCATALOG_COMPILER_APPICON_NAME = AppIcon;
				ASSETCATALOG_COMPILER_GLOBAL_ACCENT_COLOR_NAME = AccentColor;
				CODE_SIGN_STYLE = Automatic;
				CURRENT_PROJECT_VERSION = 1;
				DEVELOPMENT_ASSET_PATHS = "\"myAdvanceUI/Preview Content\"";
				DEVELOPMENT_TEAM = TRZSH33L7S;
				ENABLE_PREVIEWS = YES;
				GENERATE_INFOPLIST_FILE = YES;
				INFOPLIST_KEY_UIApplicationSceneManifest_Generation = YES;
				INFOPLIST_KEY_UIApplicationSupportsIndirectInputEvents = YES;
				INFOPLIST_KEY_UILaunchScreen_Generation = YES;
				INFOPLIST_KEY_UISupportedInterfaceOrientations_iPad = "UIInterfaceOrientationPortrait UIInterfaceOrientationPortraitUpsideDown UIInterfaceOrientationLandscapeLeft UIInterfaceOrientationLandscapeRight";
				INFOPLIST_KEY_UISupportedInterfaceOrientations_iPhone = "UIInterfaceOrientationPortrait UIInterfaceOrientationLandscapeLeft UIInterfaceOrientationLandscapeRight";
				LD_RUNPATH_SEARCH_PATHS = (
					"$(inherited)",
					"@executable_path/Frameworks",
				);
				MARKETING_VERSION = 1.0;
				PRODUCT_BUNDLE_IDENTIFIER = com.tkhabc.myAdvanceUI;
				PRODUCT_NAME = "$(TARGET_NAME)";
				SWIFT_EMIT_LOC_STRINGS = YES;
				SWIFT_VERSION = 5.0;
				TARGETED_DEVICE_FAMILY = "1,2";
			};
			name = Debug;
		};
		769A56DC2BE2223500513E8E /* Release */ = {
			isa = XCBuildConfiguration;
			buildSettings = {
				ASSETCATALOG_COMPILER_APPICON_NAME = AppIcon;
				ASSETCATALOG_COMPILER_GLOBAL_ACCENT_COLOR_NAME = AccentColor;
				CODE_SIGN_STYLE = Automatic;
				CURRENT_PROJECT_VERSION = 1;
				DEVELOPMENT_ASSET_PATHS = "\"myAdvanceUI/Preview Content\"";
				DEVELOPMENT_TEAM = TRZSH33L7S;
				ENABLE_PREVIEWS = YES;
				GENERATE_INFOPLIST_FILE = YES;
				INFOPLIST_KEY_UIApplicationSceneManifest_Generation = YES;
				INFOPLIST_KEY_UIApplicationSupportsIndirectInputEvents = YES;
				INFOPLIST_KEY_UILaunchScreen_Generation = YES;
				INFOPLIST_KEY_UISupportedInterfaceOrientations_iPad = "UIInterfaceOrientationPortrait UIInterfaceOrientationPortraitUpsideDown UIInterfaceOrientationLandscapeLeft UIInterfaceOrientationLandscapeRight";
				INFOPLIST_KEY_UISupportedInterfaceOrientations_iPhone = "UIInterfaceOrientationPortrait UIInterfaceOrientationLandscapeLeft UIInterfaceOrientationLandscapeRight";
				LD_RUNPATH_SEARCH_PATHS = (
					"$(inherited)",
					"@executable_path/Frameworks",
				);
				MARKETING_VERSION = 1.0;
				PRODUCT_BUNDLE_IDENTIFIER = com.tkhabc.myAdvanceUI;
				PRODUCT_NAME = "$(TARGET_NAME)";
				SWIFT_EMIT_LOC_STRINGS = YES;
				SWIFT_VERSION = 5.0;
				TARGETED_DEVICE_FAMILY = "1,2";
			};
			name = Release;
		};
/* End XCBuildConfiguration section */

/* Begin XCConfigurationList section */
		769A56C72BE2223300513E8E /* Build configuration list for PBXProject "myAdvanceUI" */ = {
			isa = XCConfigurationList;
			buildConfigurations = (
				769A56D82BE2223500513E8E /* Debug */,
				769A56D92BE2223500513E8E /* Release */,
			);
			defaultConfigurationIsVisible = 0;
			defaultConfigurationName = Release;
		};
		769A56DA2BE2223500513E8E /* Build configuration list for PBXNativeTarget "myAdvanceUI" */ = {
			isa = XCConfigurationList;
			buildConfigurations = (
				769A56DB2BE2223500513E8E /* Debug */,
				769A56DC2BE2223500513E8E /* Release */,
			);
			defaultConfigurationIsVisible = 0;
			defaultConfigurationName = Release;
		};
/* End XCConfigurationList section */
	};
	rootObject = 769A56C42BE2223300513E8E /* Project object */;
}
